// !$*UTF8*$!
{
	archiveVersion = 1;
	classes = {
	};
	objectVersion = 48;
	objects = {

/* Begin PBXBuildFile section */
		C86EB8B91FCF47BB004E8A28 /* AppDelegate.m in Sources */ = {isa = PBXBuildFile; fileRef = C86EB8B81FCF47BB004E8A28 /* AppDelegate.m */; };
		C86EB8BC1FCF47BB004E8A28 /* ViewController.m in Sources */ = {isa = PBXBuildFile; fileRef = C86EB8BB1FCF47BB004E8A28 /* ViewController.m */; };
		C86EB8BE1FCF47BB004E8A28 /* Assets.xcassets in Resources */ = {isa = PBXBuildFile; fileRef = C86EB8BD1FCF47BB004E8A28 /* Assets.xcassets */; };
		C86EB8C11FCF47BB004E8A28 /* Main.storyboard in Resources */ = {isa = PBXBuildFile; fileRef = C86EB8BF1FCF47BB004E8A28 /* Main.storyboard */; };
		C86EB8C41FCF47BB004E8A28 /* main.m in Sources */ = {isa = PBXBuildFile; fileRef = C86EB8C31FCF47BB004E8A28 /* main.m */; };
		C86EB8CF1FCF47BB004E8A28 /* fourier_transformTests.m in Sources */ = {isa = PBXBuildFile; fileRef = C86EB8CE1FCF47BB004E8A28 /* fourier_transformTests.m */; };
		C86EB8DA1FCF47BC004E8A28 /* fourier_transformUITests.m in Sources */ = {isa = PBXBuildFile; fileRef = C86EB8D91FCF47BC004E8A28 /* fourier_transformUITests.m */; };
/* End PBXBuildFile section */

/* Begin PBXContainerItemProxy section */
		C86EB8CB1FCF47BB004E8A28 /* PBXContainerItemProxy */ = {
			isa = PBXContainerItemProxy;
			containerPortal = C86EB8AC1FCF47BB004E8A28 /* Project object */;
			proxyType = 1;
			remoteGlobalIDString = C86EB8B31FCF47BB004E8A28;
			remoteInfo = "fourier-transform";
		};
		C86EB8D61FCF47BB004E8A28 /* PBXContainerItemProxy */ = {
			isa = PBXContainerItemProxy;
			containerPortal = C86EB8AC1FCF47BB004E8A28 /* Project object */;
			proxyType = 1;
			remoteGlobalIDString = C86EB8B31FCF47BB004E8A28;
			remoteInfo = "fourier-transform";
		};
/* End PBXContainerItemProxy section */

/* Begin PBXFileReference section */
		C86EB8B41FCF47BB004E8A28 /* fourier-transform.app */ = {isa = PBXFileReference; explicitFileType = wrapper.application; includeInIndex = 0; path = "fourier-transform.app"; sourceTree = BUILT_PRODUCTS_DIR; };
		C86EB8B71FCF47BB004E8A28 /* AppDelegate.h */ = {isa = PBXFileReference; lastKnownFileType = sourcecode.c.h; path = AppDelegate.h; sourceTree = "<group>"; };
		C86EB8B81FCF47BB004E8A28 /* AppDelegate.m */ = {isa = PBXFileReference; lastKnownFileType = sourcecode.c.objc; path = AppDelegate.m; sourceTree = "<group>"; };
		C86EB8BA1FCF47BB004E8A28 /* ViewController.h */ = {isa = PBXFileReference; lastKnownFileType = sourcecode.c.h; path = ViewController.h; sourceTree = "<group>"; };
		C86EB8BB1FCF47BB004E8A28 /* ViewController.m */ = {isa = PBXFileReference; lastKnownFileType = sourcecode.c.objc; path = ViewController.m; sourceTree = "<group>"; };
		C86EB8BD1FCF47BB004E8A28 /* Assets.xcassets */ = {isa = PBXFileReference; lastKnownFileType = folder.assetcatalog; path = Assets.xcassets; sourceTree = "<group>"; };
		C86EB8C01FCF47BB004E8A28 /* Base */ = {isa = PBXFileReference; lastKnownFileType = file.storyboard; name = Base; path = Base.lproj/Main.storyboard; sourceTree = "<group>"; };
		C86EB8C21FCF47BB004E8A28 /* Info.plist */ = {isa = PBXFileReference; lastKnownFileType = text.plist.xml; path = Info.plist; sourceTree = "<group>"; };
		C86EB8C31FCF47BB004E8A28 /* main.m */ = {isa = PBXFileReference; lastKnownFileType = sourcecode.c.objc; path = main.m; sourceTree = "<group>"; };
		C86EB8C51FCF47BB004E8A28 /* fourier_transform.entitlements */ = {isa = PBXFileReference; lastKnownFileType = text.plist.entitlements; path = fourier_transform.entitlements; sourceTree = "<group>"; };
		C86EB8CA1FCF47BB004E8A28 /* fourier-transformTests.xctest */ = {isa = PBXFileReference; explicitFileType = wrapper.cfbundle; includeInIndex = 0; path = "fourier-transformTests.xctest"; sourceTree = BUILT_PRODUCTS_DIR; };
		C86EB8CE1FCF47BB004E8A28 /* fourier_transformTests.m */ = {isa = PBXFileReference; lastKnownFileType = sourcecode.c.objc; path = fourier_transformTests.m; sourceTree = "<group>"; };
		C86EB8D01FCF47BB004E8A28 /* Info.plist */ = {isa = PBXFileReference; lastKnownFileType = text.plist.xml; path = Info.plist; sourceTree = "<group>"; };
		C86EB8D51FCF47BB004E8A28 /* fourier-transformUITests.xctest */ = {isa = PBXFileReference; explicitFileType = wrapper.cfbundle; includeInIndex = 0; path = "fourier-transformUITests.xctest"; sourceTree = BUILT_PRODUCTS_DIR; };
		C86EB8D91FCF47BC004E8A28 /* fourier_transformUITests.m */ = {isa = PBXFileReference; lastKnownFileType = sourcecode.c.objc; path = fourier_transformUITests.m; sourceTree = "<group>"; };
		C86EB8DB1FCF47BC004E8A28 /* Info.plist */ = {isa = PBXFileReference; lastKnownFileType = text.plist.xml; path = Info.plist; sourceTree = "<group>"; };
/* End PBXFileReference section */

/* Begin PBXFrameworksBuildPhase section */
		C86EB8B11FCF47BB004E8A28 /* Frameworks */ = {
			isa = PBXFrameworksBuildPhase;
			buildActionMask = 2147483647;
			files = (
			);
			runOnlyForDeploymentPostprocessing = 0;
		};
		C86EB8C71FCF47BB004E8A28 /* Frameworks */ = {
			isa = PBXFrameworksBuildPhase;
			buildActionMask = 2147483647;
			files = (
			);
			runOnlyForDeploymentPostprocessing = 0;
		};
		C86EB8D21FCF47BB004E8A28 /* Frameworks */ = {
			isa = PBXFrameworksBuildPhase;
			buildActionMask = 2147483647;
			files = (
			);
			runOnlyForDeploymentPostprocessing = 0;
		};
/* End PBXFrameworksBuildPhase section */

/* Begin PBXGroup section */
		C86EB8AB1FCF47BB004E8A28 = {
			isa = PBXGroup;
			children = (
				C86EB8B61FCF47BB004E8A28 /* fourier-transform */,
				C86EB8CD1FCF47BB004E8A28 /* fourier-transformTests */,
				C86EB8D81FCF47BC004E8A28 /* fourier-transformUITests */,
				C86EB8B51FCF47BB004E8A28 /* Products */,
			);
			sourceTree = "<group>";
		};
		C86EB8B51FCF47BB004E8A28 /* Products */ = {
			isa = PBXGroup;
			children = (
				C86EB8B41FCF47BB004E8A28 /* fourier-transform.app */,
				C86EB8CA1FCF47BB004E8A28 /* fourier-transformTests.xctest */,
				C86EB8D51FCF47BB004E8A28 /* fourier-transformUITests.xctest */,
			);
			name = Products;
			sourceTree = "<group>";
		};
		C86EB8B61FCF47BB004E8A28 /* fourier-transform */ = {
			isa = PBXGroup;
			children = (
				C86EB8B71FCF47BB004E8A28 /* AppDelegate.h */,
				C86EB8B81FCF47BB004E8A28 /* AppDelegate.m */,
				C86EB8BA1FCF47BB004E8A28 /* ViewController.h */,
				C86EB8BB1FCF47BB004E8A28 /* ViewController.m */,
				C86EB8BD1FCF47BB004E8A28 /* Assets.xcassets */,
				C86EB8BF1FCF47BB004E8A28 /* Main.storyboard */,
				C86EB8C21FCF47BB004E8A28 /* Info.plist */,
				C86EB8C31FCF47BB004E8A28 /* main.m */,
				C86EB8C51FCF47BB004E8A28 /* fourier_transform.entitlements */,
			);
			path = "fourier-transform";
			sourceTree = "<group>";
		};
		C86EB8CD1FCF47BB004E8A28 /* fourier-transformTests */ = {
			isa = PBXGroup;
			children = (
				C86EB8CE1FCF47BB004E8A28 /* fourier_transformTests.m */,
				C86EB8D01FCF47BB004E8A28 /* Info.plist */,
			);
			path = "fourier-transformTests";
			sourceTree = "<group>";
		};
		C86EB8D81FCF47BC004E8A28 /* fourier-transformUITests */ = {
			isa = PBXGroup;
			children = (
				C86EB8D91FCF47BC004E8A28 /* fourier_transformUITests.m */,
				C86EB8DB1FCF47BC004E8A28 /* Info.plist */,
			);
			path = "fourier-transformUITests";
			sourceTree = "<group>";
		};
/* End PBXGroup section */

/* Begin PBXNativeTarget section */
		C86EB8B31FCF47BB004E8A28 /* fourier-transform */ = {
			isa = PBXNativeTarget;
			buildConfigurationList = C86EB8DE1FCF47BC004E8A28 /* Build configuration list for PBXNativeTarget "fourier-transform" */;
			buildPhases = (
				C86EB8B01FCF47BB004E8A28 /* Sources */,
				C86EB8B11FCF47BB004E8A28 /* Frameworks */,
				C86EB8B21FCF47BB004E8A28 /* Resources */,
			);
			buildRules = (
			);
			dependencies = (
			);
			name = "fourier-transform";
			productName = "fourier-transform";
			productReference = C86EB8B41FCF47BB004E8A28 /* fourier-transform.app */;
			productType = "com.apple.product-type.application";
		};
		C86EB8C91FCF47BB004E8A28 /* fourier-transformTests */ = {
			isa = PBXNativeTarget;
			buildConfigurationList = C86EB8E11FCF47BC004E8A28 /* Build configuration list for PBXNativeTarget "fourier-transformTests" */;
			buildPhases = (
				C86EB8C61FCF47BB004E8A28 /* Sources */,
				C86EB8C71FCF47BB004E8A28 /* Frameworks */,
				C86EB8C81FCF47BB004E8A28 /* Resources */,
			);
			buildRules = (
			);
			dependencies = (
				C86EB8CC1FCF47BB004E8A28 /* PBXTargetDependency */,
			);
			name = "fourier-transformTests";
			productName = "fourier-transformTests";
			productReference = C86EB8CA1FCF47BB004E8A28 /* fourier-transformTests.xctest */;
			productType = "com.apple.product-type.bundle.unit-test";
		};
		C86EB8D41FCF47BB004E8A28 /* fourier-transformUITests */ = {
			isa = PBXNativeTarget;
			buildConfigurationList = C86EB8E41FCF47BC004E8A28 /* Build configuration list for PBXNativeTarget "fourier-transformUITests" */;
			buildPhases = (
				C86EB8D11FCF47BB004E8A28 /* Sources */,
				C86EB8D21FCF47BB004E8A28 /* Frameworks */,
				C86EB8D31FCF47BB004E8A28 /* Resources */,
			);
			buildRules = (
			);
			dependencies = (
				C86EB8D71FCF47BB004E8A28 /* PBXTargetDependency */,
			);
			name = "fourier-transformUITests";
			productName = "fourier-transformUITests";
			productReference = C86EB8D51FCF47BB004E8A28 /* fourier-transformUITests.xctest */;
			productType = "com.apple.product-type.bundle.ui-testing";
		};
/* End PBXNativeTarget section */

/* Begin PBXProject section */
		C86EB8AC1FCF47BB004E8A28 /* Project object */ = {
			isa = PBXProject;
			attributes = {
				LastUpgradeCheck = 0910;
				ORGANIZATIONNAME = "Zoe IAMZOE.io";
				TargetAttributes = {
					C86EB8B31FCF47BB004E8A28 = {
						CreatedOnToolsVersion = 9.1;
						ProvisioningStyle = Automatic;
					};
					C86EB8C91FCF47BB004E8A28 = {
						CreatedOnToolsVersion = 9.1;
						ProvisioningStyle = Automatic;
						TestTargetID = C86EB8B31FCF47BB004E8A28;
					};
					C86EB8D41FCF47BB004E8A28 = {
						CreatedOnToolsVersion = 9.1;
						ProvisioningStyle = Automatic;
						TestTargetID = C86EB8B31FCF47BB004E8A28;
					};
				};
			};
			buildConfigurationList = C86EB8AF1FCF47BB004E8A28 /* Build configuration list for PBXProject "fourier-transform" */;
			compatibilityVersion = "Xcode 8.0";
			developmentRegion = en;
			hasScannedForEncodings = 0;
			knownRegions = (
				en,
				Base,
			);
			mainGroup = C86EB8AB1FCF47BB004E8A28;
			productRefGroup = C86EB8B51FCF47BB004E8A28 /* Products */;
			projectDirPath = "";
			projectRoot = "";
			targets = (
				C86EB8B31FCF47BB004E8A28 /* fourier-transform */,
				C86EB8C91FCF47BB004E8A28 /* fourier-transformTests */,
				C86EB8D41FCF47BB004E8A28 /* fourier-transformUITests */,
			);
		};
/* End PBXProject section */

/* Begin PBXResourcesBuildPhase section */
		C86EB8B21FCF47BB004E8A28 /* Resources */ = {
			isa = PBXResourcesBuildPhase;
			buildActionMask = 2147483647;
			files = (
				C86EB8BE1FCF47BB004E8A28 /* Assets.xcassets in Resources */,
				C86EB8C11FCF47BB004E8A28 /* Main.storyboard in Resources */,
			);
			runOnlyForDeploymentPostprocessing = 0;
		};
		C86EB8C81FCF47BB004E8A28 /* Resources */ = {
			isa = PBXResourcesBuildPhase;
			buildActionMask = 2147483647;
			files = (
			);
			runOnlyForDeploymentPostprocessing = 0;
		};
		C86EB8D31FCF47BB004E8A28 /* Resources */ = {
			isa = PBXResourcesBuildPhase;
			buildActionMask = 2147483647;
			files = (
			);
			runOnlyForDeploymentPostprocessing = 0;
		};
/* End PBXResourcesBuildPhase section */

/* Begin PBXSourcesBuildPhase section */
		C86EB8B01FCF47BB004E8A28 /* Sources */ = {
			isa = PBXSourcesBuildPhase;
			buildActionMask = 2147483647;
			files = (
				C86EB8BC1FCF47BB004E8A28 /* ViewController.m in Sources */,
				C86EB8C41FCF47BB004E8A28 /* main.m in Sources */,
				C86EB8B91FCF47BB004E8A28 /* AppDelegate.m in Sources */,
			);
			runOnlyForDeploymentPostprocessing = 0;
		};
		C86EB8C61FCF47BB004E8A28 /* Sources */ = {
			isa = PBXSourcesBuildPhase;
			buildActionMask = 2147483647;
			files = (
				C86EB8CF1FCF47BB004E8A28 /* fourier_transformTests.m in Sources */,
			);
			runOnlyForDeploymentPostprocessing = 0;
		};
		C86EB8D11FCF47BB004E8A28 /* Sources */ = {
			isa = PBXSourcesBuildPhase;
			buildActionMask = 2147483647;
			files = (
				C86EB8DA1FCF47BC004E8A28 /* fourier_transformUITests.m in Sources */,
			);
			runOnlyForDeploymentPostprocessing = 0;
		};
/* End PBXSourcesBuildPhase section */

/* Begin PBXTargetDependency section */
		C86EB8CC1FCF47BB004E8A28 /* PBXTargetDependency */ = {
			isa = PBXTargetDependency;
			target = C86EB8B31FCF47BB004E8A28 /* fourier-transform */;
			targetProxy = C86EB8CB1FCF47BB004E8A28 /* PBXContainerItemProxy */;
		};
		C86EB8D71FCF47BB004E8A28 /* PBXTargetDependency */ = {
			isa = PBXTargetDependency;
			target = C86EB8B31FCF47BB004E8A28 /* fourier-transform */;
			targetProxy = C86EB8D61FCF47BB004E8A28 /* PBXContainerItemProxy */;
		};
/* End PBXTargetDependency section */

/* Begin PBXVariantGroup section */
		C86EB8BF1FCF47BB004E8A28 /* Main.storyboard */ = {
			isa = PBXVariantGroup;
			children = (
				C86EB8C01FCF47BB004E8A28 /* Base */,
			);
			name = Main.storyboard;
			sourceTree = "<group>";
		};
/* End PBXVariantGroup section */

/* Begin XCBuildConfiguration section */
		C86EB8DC1FCF47BC004E8A28 /* Debug */ = {
			isa = XCBuildConfiguration;
			buildSettings = {
				ALWAYS_SEARCH_USER_PATHS = NO;
				CLANG_ANALYZER_NONNULL = YES;
				CLANG_ANALYZER_NUMBER_OBJECT_CONVERSION = YES_AGGRESSIVE;
				CLANG_CXX_LANGUAGE_STANDARD = "gnu++14";
				CLANG_CXX_LIBRARY = "libc++";
				CLANG_ENABLE_MODULES = YES;
				CLANG_ENABLE_OBJC_ARC = YES;
				CLANG_WARN_BLOCK_CAPTURE_AUTORELEASING = YES;
				CLANG_WARN_BOOL_CONVERSION = YES;
				CLANG_WARN_COMMA = YES;
				CLANG_WARN_CONSTANT_CONVERSION = YES;
				CLANG_WARN_DIRECT_OBJC_ISA_USAGE = YES_ERROR;
				CLANG_WARN_DOCUMENTATION_COMMENTS = YES;
				CLANG_WARN_EMPTY_BODY = YES;
				CLANG_WARN_ENUM_CONVERSION = YES;
				CLANG_WARN_INFINITE_RECURSION = YES;
				CLANG_WARN_INT_CONVERSION = YES;
				CLANG_WARN_NON_LITERAL_NULL_CONVERSION = YES;
				CLANG_WARN_OBJC_LITERAL_CONVERSION = YES;
				CLANG_WARN_OBJC_ROOT_CLASS = YES_ERROR;
				CLANG_WARN_RANGE_LOOP_ANALYSIS = YES;
				CLANG_WARN_STRICT_PROTOTYPES = YES;
				CLANG_WARN_SUSPICIOUS_MOVE = YES;
				CLANG_WARN_UNGUARDED_AVAILABILITY = YES_AGGRESSIVE;
				CLANG_WARN_UNREACHABLE_CODE = YES;
				CLANG_WARN__DUPLICATE_METHOD_MATCH = YES;
				CODE_SIGN_IDENTITY = "Mac Developer";
				COPY_PHASE_STRIP = NO;
				DEBUG_INFORMATION_FORMAT = dwarf;
				ENABLE_STRICT_OBJC_MSGSEND = YES;
				ENABLE_TESTABILITY = YES;
				GCC_C_LANGUAGE_STANDARD = gnu11;
				GCC_DYNAMIC_NO_PIC = NO;
				GCC_NO_COMMON_BLOCKS = YES;
				GCC_OPTIMIZATION_LEVEL = 0;
				GCC_PREPROCESSOR_DEFINITIONS = (
					"DEBUG=1",
					"$(inherited)",
				);
				GCC_WARN_64_TO_32_BIT_CONVERSION = YES;
				GCC_WARN_ABOUT_RETURN_TYPE = YES_ERROR;
				GCC_WARN_UNDECLARED_SELECTOR = YES;
				GCC_WARN_UNINITIALIZED_AUTOS = YES_AGGRESSIVE;
				GCC_WARN_UNUSED_FUNCTION = YES;
				GCC_WARN_UNUSED_VARIABLE = YES;
				MACOSX_DEPLOYMENT_TARGET = 10.12;
				MTL_ENABLE_DEBUG_INFO = YES;
				ONLY_ACTIVE_ARCH = YES;
				SDKROOT = macosx;
			};
			name = Debug;
		};
		C86EB8DD1FCF47BC004E8A28 /* Release */ = {
			isa = XCBuildConfiguration;
			buildSettings = {
				ALWAYS_SEARCH_USER_PATHS = NO;
				CLANG_ANALYZER_NONNULL = YES;
				CLANG_ANALYZER_NUMBER_OBJECT_CONVERSION = YES_AGGRESSIVE;
				CLANG_CXX_LANGUAGE_STANDARD = "gnu++14";
				CLANG_CXX_LIBRARY = "libc++";
				CLANG_ENABLE_MODULES = YES;
				CLANG_ENABLE_OBJC_ARC = YES;
				CLANG_WARN_BLOCK_CAPTURE_AUTORELEASING = YES;
				CLANG_WARN_BOOL_CONVERSION = YES;
				CLANG_WARN_COMMA = YES;
				CLANG_WARN_CONSTANT_CONVERSION = YES;
				CLANG_WARN_DIRECT_OBJC_ISA_USAGE = YES_ERROR;
				CLANG_WARN_DOCUMENTATION_COMMENTS = YES;
				CLANG_WARN_EMPTY_BODY = YES;
				CLANG_WARN_ENUM_CONVERSION = YES;
				CLANG_WARN_INFINITE_RECURSION = YES;
				CLANG_WARN_INT_CONVERSION = YES;
				CLANG_WARN_NON_LITERAL_NULL_CONVERSION = YES;
				CLANG_WARN_OBJC_LITERAL_CONVERSION = YES;
				CLANG_WARN_OBJC_ROOT_CLASS = YES_ERROR;
				CLANG_WARN_RANGE_LOOP_ANALYSIS = YES;
				CLANG_WARN_STRICT_PROTOTYPES = YES;
				CLANG_WARN_SUSPICIOUS_MOVE = YES;
				CLANG_WARN_UNGUARDED_AVAILABILITY = YES_AGGRESSIVE;
				CLANG_WARN_UNREACHABLE_CODE = YES;
				CLANG_WARN__DUPLICATE_METHOD_MATCH = YES;
				CODE_SIGN_IDENTITY = "Mac Developer";
				COPY_PHASE_STRIP = NO;
				DEBUG_INFORMATION_FORMAT = "dwarf-with-dsym";
				ENABLE_NS_ASSERTIONS = NO;
				ENABLE_STRICT_OBJC_MSGSEND = YES;
				GCC_C_LANGUAGE_STANDARD = gnu11;
				GCC_NO_COMMON_BLOCKS = YES;
				GCC_WARN_64_TO_32_BIT_CONVERSION = YES;
				GCC_WARN_ABOUT_RETURN_TYPE = YES_ERROR;
				GCC_WARN_UNDECLARED_SELECTOR = YES;
				GCC_WARN_UNINITIALIZED_AUTOS = YES_AGGRESSIVE;
				GCC_WARN_UNUSED_FUNCTION = YES;
				GCC_WARN_UNUSED_VARIABLE = YES;
				MACOSX_DEPLOYMENT_TARGET = 10.12;
				MTL_ENABLE_DEBUG_INFO = NO;
				SDKROOT = macosx;
			};
			name = Release;
		};
		C86EB8DF1FCF47BC004E8A28 /* Debug */ = {
			isa = XCBuildConfiguration;
			buildSettings = {
				ASSETCATALOG_COMPILER_APPICON_NAME = AppIcon;
				CODE_SIGN_ENTITLEMENTS = "fourier-transform/fourier_transform.entitlements";
				CODE_SIGN_STYLE = Automatic;
				COMBINE_HIDPI_IMAGES = YES;
				DEVELOPMENT_TEAM = 94XXNBEG28;
				INFOPLIST_FILE = "fourier-transform/Info.plist";
				LD_RUNPATH_SEARCH_PATHS = "$(inherited) @executable_path/../Frameworks";
				PRODUCT_BUNDLE_IDENTIFIER = "com.fourier-transform";
				PRODUCT_NAME = "$(TARGET_NAME)";
			};
			name = Debug;
		};
		C86EB8E01FCF47BC004E8A28 /* Release */ = {
			isa = XCBuildConfiguration;
			buildSettings = {
				ASSETCATALOG_COMPILER_APPICON_NAME = AppIcon;
				CODE_SIGN_ENTITLEMENTS = "fourier-transform/fourier_transform.entitlements";
				CODE_SIGN_STYLE = Automatic;
				COMBINE_HIDPI_IMAGES = YES;
				DEVELOPMENT_TEAM = 94XXNBEG28;
				INFOPLIST_FILE = "fourier-transform/Info.plist";
				LD_RUNPATH_SEARCH_PATHS = "$(inherited) @executable_path/../Frameworks";
				PRODUCT_BUNDLE_IDENTIFIER = "com.fourier-transform";
				PRODUCT_NAME = "$(TARGET_NAME)";
			};
			name = Release;
		};
		C86EB8E21FCF47BC004E8A28 /* Debug */ = {
			isa = XCBuildConfiguration;
			buildSettings = {
				BUNDLE_LOADER = "$(TEST_HOST)";
				CODE_SIGN_STYLE = Automatic;
				COMBINE_HIDPI_IMAGES = YES;
				DEVELOPMENT_TEAM = 94XXNBEG28;
				INFOPLIST_FILE = "fourier-transformTests/Info.plist";
				LD_RUNPATH_SEARCH_PATHS = "$(inherited) @executable_path/../Frameworks @loader_path/../Frameworks";
				PRODUCT_BUNDLE_IDENTIFIER = "com.fourier-transformTests";
				PRODUCT_NAME = "$(TARGET_NAME)";
				TEST_HOST = "$(BUILT_PRODUCTS_DIR)/fourier-transform.app/Contents/MacOS/fourier-transform";
			};
			name = Debug;
		};
		C86EB8E31FCF47BC004E8A28 /* Release */ = {
			isa = XCBuildConfiguration;
			buildSettings = {
				BUNDLE_LOADER = "$(TEST_HOST)";
				CODE_SIGN_STYLE = Automatic;
				COMBINE_HIDPI_IMAGES = YES;
				DEVELOPMENT_TEAM = 94XXNBEG28;
				INFOPLIST_FILE = "fourier-transformTests/Info.plist";
				LD_RUNPATH_SEARCH_PATHS = "$(inherited) @executable_path/../Frameworks @loader_path/../Frameworks";
				PRODUCT_BUNDLE_IDENTIFIER = "com.fourier-transformTests";
				PRODUCT_NAME = "$(TARGET_NAME)";
				TEST_HOST = "$(BUILT_PRODUCTS_DIR)/fourier-transform.app/Contents/MacOS/fourier-transform";
			};
			name = Release;
		};
		C86EB8E51FCF47BC004E8A28 /* Debug */ = {
			isa = XCBuildConfiguration;
			buildSettings = {
				CODE_SIGN_STYLE = Automatic;
				COMBINE_HIDPI_IMAGES = YES;
				DEVELOPMENT_TEAM = 94XXNBEG28;
				INFOPLIST_FILE = "fourier-transformUITests/Info.plist";
				LD_RUNPATH_SEARCH_PATHS = "$(inherited) @executable_path/../Frameworks @loader_path/../Frameworks";
				PRODUCT_BUNDLE_IDENTIFIER = "com.fourier-transformUITests";
				PRODUCT_NAME = "$(TARGET_NAME)";
				TEST_TARGET_NAME = "fourier-transform";
			};
			name = Debug;
		};
		C86EB8E61FCF47BC004E8A28 /* Release */ = {
			isa = XCBuildConfiguration;
			buildSettings = {
				CODE_SIGN_STYLE = Automatic;
				COMBINE_HIDPI_IMAGES = YES;
				DEVELOPMENT_TEAM = 94XXNBEG28;
				INFOPLIST_FILE = "fourier-transformUITests/Info.plist";
				LD_RUNPATH_SEARCH_PATHS = "$(inherited) @executable_path/../Frameworks @loader_path/../Frameworks";
				PRODUCT_BUNDLE_IDENTIFIER = "com.fourier-transformUITests";
				PRODUCT_NAME = "$(TARGET_NAME)";
				TEST_TARGET_NAME = "fourier-transform";
			};
			name = Release;
		};
/* End XCBuildConfiguration section */

/* Begin XCConfigurationList section */
		C86EB8AF1FCF47BB004E8A28 /* Build configuration list for PBXProject "fourier-transform" */ = {
			isa = XCConfigurationList;
			buildConfigurations = (
				C86EB8DC1FCF47BC004E8A28 /* Debug */,
				C86EB8DD1FCF47BC004E8A28 /* Release */,
			);
			defaultConfigurationIsVisible = 0;
			defaultConfigurationName = Release;
		};
		C86EB8DE1FCF47BC004E8A28 /* Build configuration list for PBXNativeTarget "fourier-transform" */ = {
			isa = XCConfigurationList;
			buildConfigurations = (
				C86EB8DF1FCF47BC004E8A28 /* Debug */,
				C86EB8E01FCF47BC004E8A28 /* Release */,
			);
			defaultConfigurationIsVisible = 0;
			defaultConfigurationName = Release;
		};
		C86EB8E11FCF47BC004E8A28 /* Build configuration list for PBXNativeTarget "fourier-transformTests" */ = {
			isa = XCConfigurationList;
			buildConfigurations = (
				C86EB8E21FCF47BC004E8A28 /* Debug */,
				C86EB8E31FCF47BC004E8A28 /* Release */,
			);
			defaultConfigurationIsVisible = 0;
			defaultConfigurationName = Release;
		};
		C86EB8E41FCF47BC004E8A28 /* Build configuration list for PBXNativeTarget "fourier-transformUITests" */ = {
			isa = XCConfigurationList;
			buildConfigurations = (
				C86EB8E51FCF47BC004E8A28 /* Debug */,
				C86EB8E61FCF47BC004E8A28 /* Release */,
			);
			defaultConfigurationIsVisible = 0;
			defaultConfigurationName = Release;
		};
/* End XCConfigurationList section */
	};
	rootObject = C86EB8AC1FCF47BB004E8A28 /* Project object */;
}
